
Microsoft Visual Studio Solution File, Format Version 12.00
# Visual Studio Version 17
VisualStudioVersion = 17.0.31903.59
MinimumVisualStudioVersion = 10.0.40219.1
Project("{9A19103F-16F7-4668-BE54-9A1E7A4F7556}") = "Szakdolgozat", "Szakdolgozat.csproj", "{5DE8F63F-EF0A-41A2-9916-7D5034B1985D}"
EndProject
Global
	GlobalSection(SolutionConfigurationPlatforms) = preSolution
		Debug|Any CPU = Debug|Any CPU
		Release|Any CPU = Release|Any CPU
	EndGlobalSection
	GlobalSection(ProjectConfigurationPlatforms) = postSolution
		{5DE8F63F-EF0A-41A2-9916-7D5034B1985D}.Debug|Any CPU.ActiveCfg = Debug|Any CPU
		{5DE8F63F-EF0A-41A2-9916-7D5034B1985D}.Debug|Any CPU.Build.0 = Debug|Any CPU
		{5DE8F63F-EF0A-41A2-9916-7D5034B1985D}.Release|Any CPU.ActiveCfg = Release|Any CPU
		{5DE8F63F-EF0A-41A2-9916-7D5034B1985D}.Release|Any CPU.Build.0 = Release|Any CPU
	EndGlobalSection
	GlobalSection(SolutionProperties) = preSolution
		HideSolutionNode = FALSE
	EndGlobalSection
	GlobalSection(ExtensibilityGlobals) = postSolution
		SolutionGuid = {987953B4-4739-49C2-8145-1C4380F9491D}
	EndGlobalSection
EndGlobal
